
Microsoft Visual Studio Solution File, Format Version 12.00
# Visual Studio Version 17
VisualStudioVersion = 17.9.34622.214
MinimumVisualStudioVersion = 10.0.40219.1
Project("{9A19103F-16F7-4668-BE54-9A1E7A4F7556}") = "VUTIS2.App", "src\VUTIS2.App\VUTIS2.App.csproj", "{0F15E599-2AF2-4C9E-A2EC-173C1E30D86A}"
EndProject
Project("{9A19103F-16F7-4668-BE54-9A1E7A4F7556}") = "VUTIS2.Common", "src\VUTIS2.Common\VUTIS2.Common.csproj", "{CC393D49-307A-489F-AC1C-B04CFEF42231}"
EndProject
Project("{9A19103F-16F7-4668-BE54-9A1E7A4F7556}") = "VUTIS2.DAL", "src\VUTIS2.DAL\VUTIS2.DAL.csproj", "{7030DF02-FE0D-41CE-9D3F-0D11437F118E}"
EndProject
Project("{9A19103F-16F7-4668-BE54-9A1E7A4F7556}") = "VUTIS2.BL", "src\VUTIS2.BL\VUTIS2.BL.csproj", "{E465FFE4-D968-47A7-B8B2-729C727B354E}"
EndProject
Project("{9A19103F-16F7-4668-BE54-9A1E7A4F7556}") = "VUTIS2.Common.Tests", "src\VUTIS2.Common.Tests\VUTIS2.Common.Tests.csproj", "{0CE6A6FF-EBE6-4013-836F-6CB2D25D5493}"
EndProject
Project("{9A19103F-16F7-4668-BE54-9A1E7A4F7556}") = "VUTIS2.BL.Tests", "src\VUTIS2.BL.Tests\VUTIS2.BL.Tests.csproj", "{CF67A631-FAF7-45BE-97CE-7AACAC5391A5}"
EndProject
Project("{9A19103F-16F7-4668-BE54-9A1E7A4F7556}") = "VUTIS2.DAL.Tests", "src\VUTIS2.DAL.Tests\VUTIS2.DAL.Tests.csproj", "{32BFC752-8E6F-467B-AB55-3C4A3662CCF8}"
EndProject
Global
	GlobalSection(SolutionConfigurationPlatforms) = preSolution
		Debug|Any CPU = Debug|Any CPU
		Release|Any CPU = Release|Any CPU
	EndGlobalSection
	GlobalSection(ProjectConfigurationPlatforms) = postSolution
		{0F15E599-2AF2-4C9E-A2EC-173C1E30D86A}.Debug|Any CPU.ActiveCfg = Debug|Any CPU
		{0F15E599-2AF2-4C9E-A2EC-173C1E30D86A}.Debug|Any CPU.Build.0 = Debug|Any CPU
		{0F15E599-2AF2-4C9E-A2EC-173C1E30D86A}.Debug|Any CPU.Deploy.0 = Debug|Any CPU
		{0F15E599-2AF2-4C9E-A2EC-173C1E30D86A}.Release|Any CPU.ActiveCfg = Release|Any CPU
		{0F15E599-2AF2-4C9E-A2EC-173C1E30D86A}.Release|Any CPU.Build.0 = Release|Any CPU
		{CC393D49-307A-489F-AC1C-B04CFEF42231}.Debug|Any CPU.ActiveCfg = Debug|Any CPU
		{CC393D49-307A-489F-AC1C-B04CFEF42231}.Debug|Any CPU.Build.0 = Debug|Any CPU
		{CC393D49-307A-489F-AC1C-B04CFEF42231}.Release|Any CPU.ActiveCfg = Release|Any CPU
		{CC393D49-307A-489F-AC1C-B04CFEF42231}.Release|Any CPU.Build.0 = Release|Any CPU
		{7030DF02-FE0D-41CE-9D3F-0D11437F118E}.Debug|Any CPU.ActiveCfg = Debug|Any CPU
		{7030DF02-FE0D-41CE-9D3F-0D11437F118E}.Debug|Any CPU.Build.0 = Debug|Any CPU
		{7030DF02-FE0D-41CE-9D3F-0D11437F118E}.Release|Any CPU.ActiveCfg = Release|Any CPU
		{7030DF02-FE0D-41CE-9D3F-0D11437F118E}.Release|Any CPU.Build.0 = Release|Any CPU
		{E465FFE4-D968-47A7-B8B2-729C727B354E}.Debug|Any CPU.ActiveCfg = Debug|Any CPU
		{E465FFE4-D968-47A7-B8B2-729C727B354E}.Debug|Any CPU.Build.0 = Debug|Any CPU
		{E465FFE4-D968-47A7-B8B2-729C727B354E}.Release|Any CPU.ActiveCfg = Release|Any CPU
		{E465FFE4-D968-47A7-B8B2-729C727B354E}.Release|Any CPU.Build.0 = Release|Any CPU
		{0CE6A6FF-EBE6-4013-836F-6CB2D25D5493}.Debug|Any CPU.ActiveCfg = Debug|Any CPU
		{0CE6A6FF-EBE6-4013-836F-6CB2D25D5493}.Debug|Any CPU.Build.0 = Debug|Any CPU
		{0CE6A6FF-EBE6-4013-836F-6CB2D25D5493}.Release|Any CPU.ActiveCfg = Release|Any CPU
		{0CE6A6FF-EBE6-4013-836F-6CB2D25D5493}.Release|Any CPU.Build.0 = Release|Any CPU
		{CF67A631-FAF7-45BE-97CE-7AACAC5391A5}.Debug|Any CPU.ActiveCfg = Debug|Any CPU
		{CF67A631-FAF7-45BE-97CE-7AACAC5391A5}.Debug|Any CPU.Build.0 = Debug|Any CPU
		{CF67A631-FAF7-45BE-97CE-7AACAC5391A5}.Release|Any CPU.ActiveCfg = Release|Any CPU
		{CF67A631-FAF7-45BE-97CE-7AACAC5391A5}.Release|Any CPU.Build.0 = Release|Any CPU
		{32BFC752-8E6F-467B-AB55-3C4A3662CCF8}.Debug|Any CPU.ActiveCfg = Debug|Any CPU
		{32BFC752-8E6F-467B-AB55-3C4A3662CCF8}.Debug|Any CPU.Build.0 = Debug|Any CPU
		{32BFC752-8E6F-467B-AB55-3C4A3662CCF8}.Release|Any CPU.ActiveCfg = Release|Any CPU
		{32BFC752-8E6F-467B-AB55-3C4A3662CCF8}.Release|Any CPU.Build.0 = Release|Any CPU
	EndGlobalSection
	GlobalSection(SolutionProperties) = preSolution
		HideSolutionNode = FALSE
	EndGlobalSection
	GlobalSection(ExtensibilityGlobals) = postSolution
		SolutionGuid = {9BB5EC8D-42CB-41D9-8C18-C6D1F90879C8}
	EndGlobalSection
EndGlobal
